// !$*UTF8*$!
{
	archiveVersion = 1;
	classes = {
	};
	objectVersion = 56;
	objects = {

/* Begin PBXBuildFile section */
		CE5E094F2BF3C24A00DD80B1 /* RegisterViewController.swift in Sources */ = {isa = PBXBuildFile; fileRef = CE5E094E2BF3C24A00DD80B1 /* RegisterViewController.swift */; };
		CE5E095B2BF400CE00DD80B1 /* ContainerViewController.swift in Sources */ = {isa = PBXBuildFile; fileRef = CE5E095A2BF400CE00DD80B1 /* ContainerViewController.swift */; };
		CE5E095D2BF4015F00DD80B1 /* SidePanelViewController.swift in Sources */ = {isa = PBXBuildFile; fileRef = CE5E095C2BF4015F00DD80B1 /* SidePanelViewController.swift */; };
		CEA8472B2BF1DE0C0091F5DE /* AppDelegate.swift in Sources */ = {isa = PBXBuildFile; fileRef = CEA8472A2BF1DE0C0091F5DE /* AppDelegate.swift */; };
		CEA8472D2BF1DE0C0091F5DE /* SceneDelegate.swift in Sources */ = {isa = PBXBuildFile; fileRef = CEA8472C2BF1DE0C0091F5DE /* SceneDelegate.swift */; };
		CEA8472F2BF1DE0C0091F5DE /* ViewController.swift in Sources */ = {isa = PBXBuildFile; fileRef = CEA8472E2BF1DE0C0091F5DE /* ViewController.swift */; };
		CEA847322BF1DE0C0091F5DE /* Base in Resources */ = {isa = PBXBuildFile; fileRef = CEA847312BF1DE0C0091F5DE /* Base */; };
		CEA847342BF1DE0E0091F5DE /* Assets.xcassets in Resources */ = {isa = PBXBuildFile; fileRef = CEA847332BF1DE0E0091F5DE /* Assets.xcassets */; };
		CEA847372BF1DE0E0091F5DE /* Base in Resources */ = {isa = PBXBuildFile; fileRef = CEA847362BF1DE0E0091F5DE /* Base */; };
		CEC988ED2BF4344600FAA54A /* HomeViewController.swift in Sources */ = {isa = PBXBuildFile; fileRef = CEC988EC2BF4344600FAA54A /* HomeViewController.swift */; };
		CEC988EF2BF434F800FAA54A /* DetailViewController.swift in Sources */ = {isa = PBXBuildFile; fileRef = CEC988EE2BF434F800FAA54A /* DetailViewController.swift */; };
/* End PBXBuildFile section */

/* Begin PBXFileReference section */
		CE5E094E2BF3C24A00DD80B1 /* RegisterViewController.swift */ = {isa = PBXFileReference; lastKnownFileType = sourcecode.swift; path = RegisterViewController.swift; sourceTree = "<group>"; };
		CE5E095A2BF400CE00DD80B1 /* ContainerViewController.swift */ = {isa = PBXFileReference; lastKnownFileType = sourcecode.swift; path = ContainerViewController.swift; sourceTree = "<group>"; };
		CE5E095C2BF4015F00DD80B1 /* SidePanelViewController.swift */ = {isa = PBXFileReference; lastKnownFileType = sourcecode.swift; path = SidePanelViewController.swift; sourceTree = "<group>"; };
		CEA847272BF1DE0C0091F5DE /* Event APP.app */ = {isa = PBXFileReference; explicitFileType = wrapper.application; includeInIndex = 0; path = "Event APP.app"; sourceTree = BUILT_PRODUCTS_DIR; };
		CEA8472A2BF1DE0C0091F5DE /* AppDelegate.swift */ = {isa = PBXFileReference; lastKnownFileType = sourcecode.swift; path = AppDelegate.swift; sourceTree = "<group>"; };
		CEA8472C2BF1DE0C0091F5DE /* SceneDelegate.swift */ = {isa = PBXFileReference; lastKnownFileType = sourcecode.swift; path = SceneDelegate.swift; sourceTree = "<group>"; };
		CEA8472E2BF1DE0C0091F5DE /* ViewController.swift */ = {isa = PBXFileReference; lastKnownFileType = sourcecode.swift; path = ViewController.swift; sourceTree = "<group>"; };
		CEA847312BF1DE0C0091F5DE /* Base */ = {isa = PBXFileReference; lastKnownFileType = file.storyboard; name = Base; path = Base.lproj/Main.storyboard; sourceTree = "<group>"; };
		CEA847332BF1DE0E0091F5DE /* Assets.xcassets */ = {isa = PBXFileReference; lastKnownFileType = folder.assetcatalog; path = Assets.xcassets; sourceTree = "<group>"; };
		CEA847362BF1DE0E0091F5DE /* Base */ = {isa = PBXFileReference; lastKnownFileType = file.storyboard; name = Base; path = Base.lproj/LaunchScreen.storyboard; sourceTree = "<group>"; };
		CEA847382BF1DE0E0091F5DE /* Info.plist */ = {isa = PBXFileReference; lastKnownFileType = text.plist.xml; path = Info.plist; sourceTree = "<group>"; };
		CEC988EC2BF4344600FAA54A /* HomeViewController.swift */ = {isa = PBXFileReference; lastKnownFileType = sourcecode.swift; path = HomeViewController.swift; sourceTree = "<group>"; };
		CEC988EE2BF434F800FAA54A /* DetailViewController.swift */ = {isa = PBXFileReference; lastKnownFileType = sourcecode.swift; path = DetailViewController.swift; sourceTree = "<group>"; };
/* End PBXFileReference section */

/* Begin PBXFrameworksBuildPhase section */
		CEA847242BF1DE0C0091F5DE /* Frameworks */ = {
			isa = PBXFrameworksBuildPhase;
			buildActionMask = 2147483647;
			files = (
			);
			runOnlyForDeploymentPostprocessing = 0;
		};
/* End PBXFrameworksBuildPhase section */

/* Begin PBXGroup section */
		CEA8471E2BF1DE0C0091F5DE = {
			isa = PBXGroup;
			children = (
				CEA847292BF1DE0C0091F5DE /* Event APP */,
				CEA847282BF1DE0C0091F5DE /* Products */,
			);
			sourceTree = "<group>";
		};
		CEA847282BF1DE0C0091F5DE /* Products */ = {
			isa = PBXGroup;
			children = (
				CEA847272BF1DE0C0091F5DE /* Event APP.app */,
			);
			name = Products;
			sourceTree = "<group>";
		};
		CEA847292BF1DE0C0091F5DE /* Event APP */ = {
			isa = PBXGroup;
			children = (
				CEA8472A2BF1DE0C0091F5DE /* AppDelegate.swift */,
				CEC988EE2BF434F800FAA54A /* DetailViewController.swift */,
				CE5E095C2BF4015F00DD80B1 /* SidePanelViewController.swift */,
				CEC988EC2BF4344600FAA54A /* HomeViewController.swift */,
				CEA8472C2BF1DE0C0091F5DE /* SceneDelegate.swift */,
				CE5E095A2BF400CE00DD80B1 /* ContainerViewController.swift */,
				CE5E094E2BF3C24A00DD80B1 /* RegisterViewController.swift */,
				CEA8472E2BF1DE0C0091F5DE /* ViewController.swift */,
				CEA847302BF1DE0C0091F5DE /* Main.storyboard */,
				CEA847332BF1DE0E0091F5DE /* Assets.xcassets */,
				CEA847352BF1DE0E0091F5DE /* LaunchScreen.storyboard */,
				CEA847382BF1DE0E0091F5DE /* Info.plist */,
			);
			path = "Event APP";
			sourceTree = "<group>";
		};
/* End PBXGroup section */

/* Begin PBXNativeTarget section */
		CEA847262BF1DE0C0091F5DE /* Event APP */ = {
			isa = PBXNativeTarget;
			buildConfigurationList = CEA8473B2BF1DE0E0091F5DE /* Build configuration list for PBXNativeTarget "Event APP" */;
			buildPhases = (
				CEA847232BF1DE0C0091F5DE /* Sources */,
				CEA847242BF1DE0C0091F5DE /* Frameworks */,
				CEA847252BF1DE0C0091F5DE /* Resources */,
			);
			buildRules = (
			);
			dependencies = (
			);
			name = "Event APP";
			productName = "Event APP";
			productReference = CEA847272BF1DE0C0091F5DE /* Event APP.app */;
			productType = "com.apple.product-type.application";
		};
/* End PBXNativeTarget section */

/* Begin PBXProject section */
		CEA8471F2BF1DE0C0091F5DE /* Project object */ = {
			isa = PBXProject;
			attributes = {
				BuildIndependentTargetsInParallel = 1;
				LastSwiftUpdateCheck = 1530;
				LastUpgradeCheck = 1530;
				TargetAttributes = {
					CEA847262BF1DE0C0091F5DE = {
						CreatedOnToolsVersion = 15.3;
					};
				};
			};
			buildConfigurationList = CEA847222BF1DE0C0091F5DE /* Build configuration list for PBXProject "Event APP" */;
			compatibilityVersion = "Xcode 14.0";
			developmentRegion = en;
			hasScannedForEncodings = 0;
			knownRegions = (
				en,
				Base,
			);
			mainGroup = CEA8471E2BF1DE0C0091F5DE;
			productRefGroup = CEA847282BF1DE0C0091F5DE /* Products */;
			projectDirPath = "";
			projectRoot = "";
			targets = (
				CEA847262BF1DE0C0091F5DE /* Event APP */,
			);
		};
/* End PBXProject section */

/* Begin PBXResourcesBuildPhase section */
		CEA847252BF1DE0C0091F5DE /* Resources */ = {
			isa = PBXResourcesBuildPhase;
			buildActionMask = 2147483647;
			files = (
				CEA847342BF1DE0E0091F5DE /* Assets.xcassets in Resources */,
				CEA847372BF1DE0E0091F5DE /* Base in Resources */,
				CEA847322BF1DE0C0091F5DE /* Base in Resources */,
			);
			runOnlyForDeploymentPostprocessing = 0;
		};
/* End PBXResourcesBuildPhase section */

/* Begin PBXSourcesBuildPhase section */
		CEA847232BF1DE0C0091F5DE /* Sources */ = {
			isa = PBXSourcesBuildPhase;
			buildActionMask = 2147483647;
			files = (
				CEA8472F2BF1DE0C0091F5DE /* ViewController.swift in Sources */,
				CEA8472B2BF1DE0C0091F5DE /* AppDelegate.swift in Sources */,
				CEA8472D2BF1DE0C0091F5DE /* SceneDelegate.swift in Sources */,
				CE5E095D2BF4015F00DD80B1 /* SidePanelViewController.swift in Sources */,
				CE5E095B2BF400CE00DD80B1 /* ContainerViewController.swift in Sources */,
				CEC988ED2BF4344600FAA54A /* HomeViewController.swift in Sources */,
				CE5E094F2BF3C24A00DD80B1 /* RegisterViewController.swift in Sources */,
				CEC988EF2BF434F800FAA54A /* DetailViewController.swift in Sources */,
			);
			runOnlyForDeploymentPostprocessing = 0;
		};
/* End PBXSourcesBuildPhase section */

/* Begin PBXVariantGroup section */
		CEA847302BF1DE0C0091F5DE /* Main.storyboard */ = {
			isa = PBXVariantGroup;
			children = (
				CEA847312BF1DE0C0091F5DE /* Base */,
			);
			name = Main.storyboard;
			sourceTree = "<group>";
		};
		CEA847352BF1DE0E0091F5DE /* LaunchScreen.storyboard */ = {
			isa = PBXVariantGroup;
			children = (
				CEA847362BF1DE0E0091F5DE /* Base */,
			);
			name = LaunchScreen.storyboard;
			sourceTree = "<group>";
		};
/* End PBXVariantGroup section */

/* Begin XCBuildConfiguration section */
		CEA847392BF1DE0E0091F5DE /* Debug */ = {
			isa = XCBuildConfiguration;
			buildSettings = {
				ALWAYS_SEARCH_USER_PATHS = NO;
				ASSETCATALOG_COMPILER_GENERATE_SWIFT_ASSET_SYMBOL_EXTENSIONS = YES;
				CLANG_ANALYZER_NONNULL = YES;
				CLANG_ANALYZER_NUMBER_OBJECT_CONVERSION = YES_AGGRESSIVE;
				CLANG_CXX_LANGUAGE_STANDARD = "gnu++20";
				CLANG_ENABLE_MODULES = YES;
				CLANG_ENABLE_OBJC_ARC = YES;
				CLANG_ENABLE_OBJC_WEAK = YES;
				CLANG_WARN_BLOCK_CAPTURE_AUTORELEASING = YES;
				CLANG_WARN_BOOL_CONVERSION = YES;
				CLANG_WARN_COMMA = YES;
				CLANG_WARN_CONSTANT_CONVERSION = YES;
				CLANG_WARN_DEPRECATED_OBJC_IMPLEMENTATIONS = YES;
				CLANG_WARN_DIRECT_OBJC_ISA_USAGE = YES_ERROR;
				CLANG_WARN_DOCUMENTATION_COMMENTS = YES;
				CLANG_WARN_EMPTY_BODY = YES;
				CLANG_WARN_ENUM_CONVERSION = YES;
				CLANG_WARN_INFINITE_RECURSION = YES;
				CLANG_WARN_INT_CONVERSION = YES;
				CLANG_WARN_NON_LITERAL_NULL_CONVERSION = YES;
				CLANG_WARN_OBJC_IMPLICIT_RETAIN_SELF = YES;
				CLANG_WARN_OBJC_LITERAL_CONVERSION = YES;
				CLANG_WARN_OBJC_ROOT_CLASS = YES_ERROR;
				CLANG_WARN_QUOTED_INCLUDE_IN_FRAMEWORK_HEADER = YES;
				CLANG_WARN_RANGE_LOOP_ANALYSIS = YES;
				CLANG_WARN_STRICT_PROTOTYPES = YES;
				CLANG_WARN_SUSPICIOUS_MOVE = YES;
				CLANG_WARN_UNGUARDED_AVAILABILITY = YES_AGGRESSIVE;
				CLANG_WARN_UNREACHABLE_CODE = YES;
				CLANG_WARN__DUPLICATE_METHOD_MATCH = YES;
				COPY_PHASE_STRIP = NO;
				DEBUG_INFORMATION_FORMAT = dwarf;
				ENABLE_STRICT_OBJC_MSGSEND = YES;
				ENABLE_TESTABILITY = YES;
				ENABLE_USER_SCRIPT_SANDBOXING = YES;
				GCC_C_LANGUAGE_STANDARD = gnu17;
				GCC_DYNAMIC_NO_PIC = NO;
				GCC_NO_COMMON_BLOCKS = YES;
				GCC_OPTIMIZATION_LEVEL = 0;
				GCC_PREPROCESSOR_DEFINITIONS = (
					"DEBUG=1",
					"$(inherited)",
				);
				GCC_WARN_64_TO_32_BIT_CONVERSION = YES;
				GCC_WARN_ABOUT_RETURN_TYPE = YES_ERROR;
				GCC_WARN_UNDECLARED_SELECTOR = YES;
				GCC_WARN_UNINITIALIZED_AUTOS = YES_AGGRESSIVE;
				GCC_WARN_UNUSED_FUNCTION = YES;
				GCC_WARN_UNUSED_VARIABLE = YES;
				IPHONEOS_DEPLOYMENT_TARGET = 17.4;
				LOCALIZATION_PREFERS_STRING_CATALOGS = YES;
				MTL_ENABLE_DEBUG_INFO = INCLUDE_SOURCE;
				MTL_FAST_MATH = YES;
				ONLY_ACTIVE_ARCH = YES;
				SDKROOT = iphoneos;
				SWIFT_ACTIVE_COMPILATION_CONDITIONS = "DEBUG $(inherited)";
				SWIFT_OPTIMIZATION_LEVEL = "-Onone";
			};
			name = Debug;
		};
		CEA8473A2BF1DE0E0091F5DE /* Release */ = {
			isa = XCBuildConfiguration;
			buildSettings = {
				ALWAYS_SEARCH_USER_PATHS = NO;
				ASSETCATALOG_COMPILER_GENERATE_SWIFT_ASSET_SYMBOL_EXTENSIONS = YES;
				CLANG_ANALYZER_NONNULL = YES;
				CLANG_ANALYZER_NUMBER_OBJECT_CONVERSION = YES_AGGRESSIVE;
				CLANG_CXX_LANGUAGE_STANDARD = "gnu++20";
				CLANG_ENABLE_MODULES = YES;
				CLANG_ENABLE_OBJC_ARC = YES;
				CLANG_ENABLE_OBJC_WEAK = YES;
				CLANG_WARN_BLOCK_CAPTURE_AUTORELEASING = YES;
				CLANG_WARN_BOOL_CONVERSION = YES;
				CLANG_WARN_COMMA = YES;
				CLANG_WARN_CONSTANT_CONVERSION = YES;
				CLANG_WARN_DEPRECATED_OBJC_IMPLEMENTATIONS = YES;
				CLANG_WARN_DIRECT_OBJC_ISA_USAGE = YES_ERROR;
				CLANG_WARN_DOCUMENTATION_COMMENTS = YES;
				CLANG_WARN_EMPTY_BODY = YES;
				CLANG_WARN_ENUM_CONVERSION = YES;
				CLANG_WARN_INFINITE_RECURSION = YES;
				CLANG_WARN_INT_CONVERSION = YES;
				CLANG_WARN_NON_LITERAL_NULL_CONVERSION = YES;
				CLANG_WARN_OBJC_IMPLICIT_RETAIN_SELF = YES;
				CLANG_WARN_OBJC_LITERAL_CONVERSION = YES;
				CLANG_WARN_OBJC_ROOT_CLASS = YES_ERROR;
				CLANG_WARN_QUOTED_INCLUDE_IN_FRAMEWORK_HEADER = YES;
				CLANG_WARN_RANGE_LOOP_ANALYSIS = YES;
				CLANG_WARN_STRICT_PROTOTYPES = YES;
				CLANG_WARN_SUSPICIOUS_MOVE = YES;
				CLANG_WARN_UNGUARDED_AVAILABILITY = YES_AGGRESSIVE;
				CLANG_WARN_UNREACHABLE_CODE = YES;
				CLANG_WARN__DUPLICATE_METHOD_MATCH = YES;
				COPY_PHASE_STRIP = NO;
				DEBUG_INFORMATION_FORMAT = "dwarf-with-dsym";
				ENABLE_NS_ASSERTIONS = NO;
				ENABLE_STRICT_OBJC_MSGSEND = YES;
				ENABLE_USER_SCRIPT_SANDBOXING = YES;
				GCC_C_LANGUAGE_STANDARD = gnu17;
				GCC_NO_COMMON_BLOCKS = YES;
				GCC_WARN_64_TO_32_BIT_CONVERSION = YES;
				GCC_WARN_ABOUT_RETURN_TYPE = YES_ERROR;
				GCC_WARN_UNDECLARED_SELECTOR = YES;
				GCC_WARN_UNINITIALIZED_AUTOS = YES_AGGRESSIVE;
				GCC_WARN_UNUSED_FUNCTION = YES;
				GCC_WARN_UNUSED_VARIABLE = YES;
				IPHONEOS_DEPLOYMENT_TARGET = 17.4;
				LOCALIZATION_PREFERS_STRING_CATALOGS = YES;
				MTL_ENABLE_DEBUG_INFO = NO;
				MTL_FAST_MATH = YES;
				SDKROOT = iphoneos;
				SWIFT_COMPILATION_MODE = wholemodule;
				VALIDATE_PRODUCT = YES;
			};
			name = Release;
		};
		CEA8473C2BF1DE0E0091F5DE /* Debug */ = {
			isa = XCBuildConfiguration;
			buildSettings = {
				ASSETCATALOG_COMPILER_APPICON_NAME = AppIcon;
				ASSETCATALOG_COMPILER_GLOBAL_ACCENT_COLOR_NAME = AccentColor;
				CODE_SIGN_STYLE = Automatic;
				CURRENT_PROJECT_VERSION = 1;
				GENERATE_INFOPLIST_FILE = YES;
				INFOPLIST_FILE = "Event APP/Info.plist";
				INFOPLIST_KEY_UIApplicationSupportsIndirectInputEvents = YES;
				INFOPLIST_KEY_UILaunchStoryboardName = LaunchScreen;
				INFOPLIST_KEY_UIMainStoryboardFile = Main;
				INFOPLIST_KEY_UISupportedInterfaceOrientations_iPad = "UIInterfaceOrientationPortrait UIInterfaceOrientationPortraitUpsideDown UIInterfaceOrientationLandscapeLeft UIInterfaceOrientationLandscapeRight";
				INFOPLIST_KEY_UISupportedInterfaceOrientations_iPhone = "UIInterfaceOrientationPortrait UIInterfaceOrientationLandscapeLeft UIInterfaceOrientationLandscapeRight";
				IPHONEOS_DEPLOYMENT_TARGET = 15.4;
				LD_RUNPATH_SEARCH_PATHS = (
					"$(inherited)",
					"@executable_path/Frameworks",
				);
				MARKETING_VERSION = 1.0;
				PRODUCT_BUNDLE_IDENTIFIER = "rahilanishan.Event-APP";
				PRODUCT_NAME = "$(TARGET_NAME)";
				SWIFT_EMIT_LOC_STRINGS = YES;
				SWIFT_VERSION = 5.0;
				TARGETED_DEVICE_FAMILY = "1,2";
			};
			name = Debug;
		};
		CEA8473D2BF1DE0E0091F5DE /* Release */ = {
			isa = XCBuildConfiguration;
			buildSettings = {
				ASSETCATALOG_COMPILER_APPICON_NAME = AppIcon;
				ASSETCATALOG_COMPILER_GLOBAL_ACCENT_COLOR_NAME = AccentColor;
				CODE_SIGN_STYLE = Automatic;
				CURRENT_PROJECT_VERSION = 1;
				GENERATE_INFOPLIST_FILE = YES;
				INFOPLIST_FILE = "Event APP/Info.plist";
				INFOPLIST_KEY_UIApplicationSupportsIndirectInputEvents = YES;
				INFOPLIST_KEY_UILaunchStoryboardName = LaunchScreen;
				INFOPLIST_KEY_UIMainStoryboardFile = Main;
				INFOPLIST_KEY_UISupportedInterfaceOrientations_iPad = "UIInterfaceOrientationPortrait UIInterfaceOrientationPortraitUpsideDown UIInterfaceOrientationLandscapeLeft UIInterfaceOrientationLandscapeRight";
				INFOPLIST_KEY_UISupportedInterfaceOrientations_iPhone = "UIInterfaceOrientationPortrait UIInterfaceOrientationLandscapeLeft UIInterfaceOrientationLandscapeRight";
				IPHONEOS_DEPLOYMENT_TARGET = 15.4;
				LD_RUNPATH_SEARCH_PATHS = (
					"$(inherited)",
					"@executable_path/Frameworks",
				);
				MARKETING_VERSION = 1.0;
				PRODUCT_BUNDLE_IDENTIFIER = "rahilanishan.Event-APP";
				PRODUCT_NAME = "$(TARGET_NAME)";
				SWIFT_EMIT_LOC_STRINGS = YES;
				SWIFT_VERSION = 5.0;
				TARGETED_DEVICE_FAMILY = "1,2";
			};
			name = Release;
		};
/* End XCBuildConfiguration section */

/* Begin XCConfigurationList section */
		CEA847222BF1DE0C0091F5DE /* Build configuration list for PBXProject "Event APP" */ = {
			isa = XCConfigurationList;
			buildConfigurations = (
				CEA847392BF1DE0E0091F5DE /* Debug */,
				CEA8473A2BF1DE0E0091F5DE /* Release */,
			);
			defaultConfigurationIsVisible = 0;
			defaultConfigurationName = Release;
		};
		CEA8473B2BF1DE0E0091F5DE /* Build configuration list for PBXNativeTarget "Event APP" */ = {
			isa = XCConfigurationList;
			buildConfigurations = (
				CEA8473C2BF1DE0E0091F5DE /* Debug */,
				CEA8473D2BF1DE0E0091F5DE /* Release */,
			);
			defaultConfigurationIsVisible = 0;
			defaultConfigurationName = Release;
		};
/* End XCConfigurationList section */
	};
	rootObject = CEA8471F2BF1DE0C0091F5DE /* Project object */;
}
